// !$*UTF8*$!
{
	archiveVersion = 1;
	classes = {
	};
	objectVersion = 46;
	objects = {

/* Begin PBXBuildFile section */
		422687051AB722D600A4870E /* main.m in Sources */ = {isa = PBXBuildFile; fileRef = 422687041AB722D600A4870E /* main.m */; };
		422687081AB722D600A4870E /* AppDelegate.m in Sources */ = {isa = PBXBuildFile; fileRef = 422687071AB722D600A4870E /* AppDelegate.m */; };
		4226870B1AB722D600A4870E /* ViewController.m in Sources */ = {isa = PBXBuildFile; fileRef = 4226870A1AB722D600A4870E /* ViewController.m */; };
		4226870E1AB722D600A4870E /* Main.storyboard in Resources */ = {isa = PBXBuildFile; fileRef = 4226870C1AB722D600A4870E /* Main.storyboard */; };
		422687101AB722D600A4870E /* Images.xcassets in Resources */ = {isa = PBXBuildFile; fileRef = 4226870F1AB722D600A4870E /* Images.xcassets */; };
		422687131AB722D600A4870E /* LaunchScreen.xib in Resources */ = {isa = PBXBuildFile; fileRef = 422687111AB722D600A4870E /* LaunchScreen.xib */; };
		4226871F1AB722D600A4870E /* phoneFighterTests.m in Sources */ = {isa = PBXBuildFile; fileRef = 4226871E1AB722D600A4870E /* phoneFighterTests.m */; };
/* End PBXBuildFile section */

/* Begin PBXContainerItemProxy section */
		422687191AB722D600A4870E /* PBXContainerItemProxy */ = {
			isa = PBXContainerItemProxy;
			containerPortal = 422686F71AB722D600A4870E /* Project object */;
			proxyType = 1;
			remoteGlobalIDString = 422686FE1AB722D600A4870E;
			remoteInfo = phoneFighter;
		};
/* End PBXContainerItemProxy section */

/* Begin PBXFileReference section */
		422686FF1AB722D600A4870E /* phoneFighter.app */ = {isa = PBXFileReference; explicitFileType = wrapper.application; includeInIndex = 0; path = phoneFighter.app; sourceTree = BUILT_PRODUCTS_DIR; };
		422687031AB722D600A4870E /* Info.plist */ = {isa = PBXFileReference; lastKnownFileType = text.plist.xml; path = Info.plist; sourceTree = "<group>"; };
		422687041AB722D600A4870E /* main.m */ = {isa = PBXFileReference; lastKnownFileType = sourcecode.c.objc; path = main.m; sourceTree = "<group>"; };
		422687061AB722D600A4870E /* AppDelegate.h */ = {isa = PBXFileReference; lastKnownFileType = sourcecode.c.h; path = AppDelegate.h; sourceTree = "<group>"; };
		422687071AB722D600A4870E /* AppDelegate.m */ = {isa = PBXFileReference; lastKnownFileType = sourcecode.c.objc; path = AppDelegate.m; sourceTree = "<group>"; };
		422687091AB722D600A4870E /* ViewController.h */ = {isa = PBXFileReference; lastKnownFileType = sourcecode.c.h; path = ViewController.h; sourceTree = "<group>"; };
		4226870A1AB722D600A4870E /* ViewController.m */ = {isa = PBXFileReference; lastKnownFileType = sourcecode.c.objc; path = ViewController.m; sourceTree = "<group>"; };
		4226870D1AB722D600A4870E /* Base */ = {isa = PBXFileReference; lastKnownFileType = file.storyboard; name = Base; path = Base.lproj/Main.storyboard; sourceTree = "<group>"; };
		4226870F1AB722D600A4870E /* Images.xcassets */ = {isa = PBXFileReference; lastKnownFileType = folder.assetcatalog; path = Images.xcassets; sourceTree = "<group>"; };
		422687121AB722D600A4870E /* Base */ = {isa = PBXFileReference; lastKnownFileType = file.xib; name = Base; path = Base.lproj/LaunchScreen.xib; sourceTree = "<group>"; };
		422687181AB722D600A4870E /* phoneFighterTests.xctest */ = {isa = PBXFileReference; explicitFileType = wrapper.cfbundle; includeInIndex = 0; path = phoneFighterTests.xctest; sourceTree = BUILT_PRODUCTS_DIR; };
		4226871D1AB722D600A4870E /* Info.plist */ = {isa = PBXFileReference; lastKnownFileType = text.plist.xml; path = Info.plist; sourceTree = "<group>"; };
		4226871E1AB722D600A4870E /* phoneFighterTests.m */ = {isa = PBXFileReference; lastKnownFileType = sourcecode.c.objc; path = phoneFighterTests.m; sourceTree = "<group>"; };
/* End PBXFileReference section */

/* Begin PBXFrameworksBuildPhase section */
		422686FC1AB722D600A4870E /* Frameworks */ = {
			isa = PBXFrameworksBuildPhase;
			buildActionMask = 2147483647;
			files = (
			);
			runOnlyForDeploymentPostprocessing = 0;
		};
		422687151AB722D600A4870E /* Frameworks */ = {
			isa = PBXFrameworksBuildPhase;
			buildActionMask = 2147483647;
			files = (
			);
			runOnlyForDeploymentPostprocessing = 0;
		};
/* End PBXFrameworksBuildPhase section */

/* Begin PBXGroup section */
		422686F61AB722D600A4870E = {
			isa = PBXGroup;
			children = (
				422687011AB722D600A4870E /* phoneFighter */,
				4226871B1AB722D600A4870E /* phoneFighterTests */,
				422687001AB722D600A4870E /* Products */,
			);
			sourceTree = "<group>";
		};
		422687001AB722D600A4870E /* Products */ = {
			isa = PBXGroup;
			children = (
				422686FF1AB722D600A4870E /* phoneFighter.app */,
				422687181AB722D600A4870E /* phoneFighterTests.xctest */,
			);
			name = Products;
			sourceTree = "<group>";
		};
		422687011AB722D600A4870E /* phoneFighter */ = {
			isa = PBXGroup;
			children = (
				422687061AB722D600A4870E /* AppDelegate.h */,
				422687071AB722D600A4870E /* AppDelegate.m */,
				422687091AB722D600A4870E /* ViewController.h */,
				4226870A1AB722D600A4870E /* ViewController.m */,
				4226870C1AB722D600A4870E /* Main.storyboard */,
				4226870F1AB722D600A4870E /* Images.xcassets */,
				422687111AB722D600A4870E /* LaunchScreen.xib */,
				422687021AB722D600A4870E /* Supporting Files */,
			);
			path = phoneFighter;
			sourceTree = "<group>";
		};
		422687021AB722D600A4870E /* Supporting Files */ = {
			isa = PBXGroup;
			children = (
				422687031AB722D600A4870E /* Info.plist */,
				422687041AB722D600A4870E /* main.m */,
			);
			name = "Supporting Files";
			sourceTree = "<group>";
		};
		4226871B1AB722D600A4870E /* phoneFighterTests */ = {
			isa = PBXGroup;
			children = (
				4226871E1AB722D600A4870E /* phoneFighterTests.m */,
				4226871C1AB722D600A4870E /* Supporting Files */,
			);
			path = phoneFighterTests;
			sourceTree = "<group>";
		};
		4226871C1AB722D600A4870E /* Supporting Files */ = {
			isa = PBXGroup;
			children = (
				4226871D1AB722D600A4870E /* Info.plist */,
			);
			name = "Supporting Files";
			sourceTree = "<group>";
		};
/* End PBXGroup section */

/* Begin PBXNativeTarget section */
		422686FE1AB722D600A4870E /* phoneFighter */ = {
			isa = PBXNativeTarget;
			buildConfigurationList = 422687221AB722D600A4870E /* Build configuration list for PBXNativeTarget "phoneFighter" */;
			buildPhases = (
				422686FB1AB722D600A4870E /* Sources */,
				422686FC1AB722D600A4870E /* Frameworks */,
				422686FD1AB722D600A4870E /* Resources */,
			);
			buildRules = (
			);
			dependencies = (
			);
			name = phoneFighter;
			productName = phoneFighter;
			productReference = 422686FF1AB722D600A4870E /* phoneFighter.app */;
			productType = "com.apple.product-type.application";
		};
		422687171AB722D600A4870E /* phoneFighterTests */ = {
			isa = PBXNativeTarget;
			buildConfigurationList = 422687251AB722D600A4870E /* Build configuration list for PBXNativeTarget "phoneFighterTests" */;
			buildPhases = (
				422687141AB722D600A4870E /* Sources */,
				422687151AB722D600A4870E /* Frameworks */,
				422687161AB722D600A4870E /* Resources */,
			);
			buildRules = (
			);
			dependencies = (
				4226871A1AB722D600A4870E /* PBXTargetDependency */,
			);
			name = phoneFighterTests;
			productName = phoneFighterTests;
			productReference = 422687181AB722D600A4870E /* phoneFighterTests.xctest */;
			productType = "com.apple.product-type.bundle.unit-test";
		};
/* End PBXNativeTarget section */

/* Begin PBXProject section */
		422686F71AB722D600A4870E /* Project object */ = {
			isa = PBXProject;
			attributes = {
				LastUpgradeCheck = 0610;
				ORGANIZATIONNAME = "Hughes, Nate";
				TargetAttributes = {
					422686FE1AB722D600A4870E = {
						CreatedOnToolsVersion = 6.1.1;
					};
					422687171AB722D600A4870E = {
						CreatedOnToolsVersion = 6.1.1;
						TestTargetID = 422686FE1AB722D600A4870E;
					};
				};
			};
			buildConfigurationList = 422686FA1AB722D600A4870E /* Build configuration list for PBXProject "phoneFighter" */;
			compatibilityVersion = "Xcode 3.2";
			developmentRegion = English;
			hasScannedForEncodings = 0;
			knownRegions = (
				en,
				Base,
			);
			mainGroup = 422686F61AB722D600A4870E;
			productRefGroup = 422687001AB722D600A4870E /* Products */;
			projectDirPath = "";
			projectRoot = "";
			targets = (
				422686FE1AB722D600A4870E /* phoneFighter */,
				422687171AB722D600A4870E /* phoneFighterTests */,
			);
		};
/* End PBXProject section */

/* Begin PBXResourcesBuildPhase section */
		422686FD1AB722D600A4870E /* Resources */ = {
			isa = PBXResourcesBuildPhase;
			buildActionMask = 2147483647;
			files = (
				4226870E1AB722D600A4870E /* Main.storyboard in Resources */,
				422687131AB722D600A4870E /* LaunchScreen.xib in Resources */,
				422687101AB722D600A4870E /* Images.xcassets in Resources */,
			);
			runOnlyForDeploymentPostprocessing = 0;
		};
		422687161AB722D600A4870E /* Resources */ = {
			isa = PBXResourcesBuildPhase;
			buildActionMask = 2147483647;
			files = (
			);
			runOnlyForDeploymentPostprocessing = 0;
		};
/* End PBXResourcesBuildPhase section */

/* Begin PBXSourcesBuildPhase section */
		422686FB1AB722D600A4870E /* Sources */ = {
			isa = PBXSourcesBuildPhase;
			buildActionMask = 2147483647;
			files = (
				4226870B1AB722D600A4870E /* ViewController.m in Sources */,
				422687081AB722D600A4870E /* AppDelegate.m in Sources */,
				422687051AB722D600A4870E /* main.m in Sources */,
			);
			runOnlyForDeploymentPostprocessing = 0;
		};
		422687141AB722D600A4870E /* Sources */ = {
			isa = PBXSourcesBuildPhase;
			buildActionMask = 2147483647;
			files = (
				4226871F1AB722D600A4870E /* phoneFighterTests.m in Sources */,
			);
			runOnlyForDeploymentPostprocessing = 0;
		};
/* End PBXSourcesBuildPhase section */

/* Begin PBXTargetDependency section */
		4226871A1AB722D600A4870E /* PBXTargetDependency */ = {
			isa = PBXTargetDependency;
			target = 422686FE1AB722D600A4870E /* phoneFighter */;
			targetProxy = 422687191AB722D600A4870E /* PBXContainerItemProxy */;
		};
/* End PBXTargetDependency section */

/* Begin PBXVariantGroup section */
		4226870C1AB722D600A4870E /* Main.storyboard */ = {
			isa = PBXVariantGroup;
			children = (
				4226870D1AB722D600A4870E /* Base */,
			);
			name = Main.storyboard;
			sourceTree = "<group>";
		};
		422687111AB722D600A4870E /* LaunchScreen.xib */ = {
			isa = PBXVariantGroup;
			children = (
				422687121AB722D600A4870E /* Base */,
			);
			name = LaunchScreen.xib;
			sourceTree = "<group>";
		};
/* End PBXVariantGroup section */

/* Begin XCBuildConfiguration section */
		422687201AB722D600A4870E /* Debug */ = {
			isa = XCBuildConfiguration;
			buildSettings = {
				ALWAYS_SEARCH_USER_PATHS = NO;
				CLANG_CXX_LANGUAGE_STANDARD = "gnu++0x";
				CLANG_CXX_LIBRARY = "libc++";
				CLANG_ENABLE_MODULES = YES;
				CLANG_ENABLE_OBJC_ARC = YES;
				CLANG_WARN_BOOL_CONVERSION = YES;
				CLANG_WARN_CONSTANT_CONVERSION = YES;
				CLANG_WARN_DIRECT_OBJC_ISA_USAGE = YES_ERROR;
				CLANG_WARN_EMPTY_BODY = YES;
				CLANG_WARN_ENUM_CONVERSION = YES;
				CLANG_WARN_INT_CONVERSION = YES;
				CLANG_WARN_OBJC_ROOT_CLASS = YES_ERROR;
				CLANG_WARN_UNREACHABLE_CODE = YES;
				CLANG_WARN__DUPLICATE_METHOD_MATCH = YES;
				"CODE_SIGN_IDENTITY[sdk=iphoneos*]" = "iPhone Developer";
				COPY_PHASE_STRIP = NO;
				ENABLE_STRICT_OBJC_MSGSEND = YES;
				GCC_C_LANGUAGE_STANDARD = gnu99;
				GCC_DYNAMIC_NO_PIC = NO;
				GCC_OPTIMIZATION_LEVEL = 0;
				GCC_PREPROCESSOR_DEFINITIONS = (
					"DEBUG=1",
					"$(inherited)",
				);
				GCC_SYMBOLS_PRIVATE_EXTERN = NO;
				GCC_WARN_64_TO_32_BIT_CONVERSION = YES;
				GCC_WARN_ABOUT_RETURN_TYPE = YES_ERROR;
				GCC_WARN_UNDECLARED_SELECTOR = YES;
				GCC_WARN_UNINITIALIZED_AUTOS = YES_AGGRESSIVE;
				GCC_WARN_UNUSED_FUNCTION = YES;
				GCC_WARN_UNUSED_VARIABLE = YES;
				IPHONEOS_DEPLOYMENT_TARGET = 8.1;
				MTL_ENABLE_DEBUG_INFO = YES;
				ONLY_ACTIVE_ARCH = YES;
				SDKROOT = iphoneos;
				TARGETED_DEVICE_FAMILY = "1,2";
			};
			name = Debug;
		};
		422687211AB722D600A4870E /* Release */ = {
			isa = XCBuildConfiguration;
			buildSettings = {
				ALWAYS_SEARCH_USER_PATHS = NO;
				CLANG_CXX_LANGUAGE_STANDARD = "gnu++0x";
				CLANG_CXX_LIBRARY = "libc++";
				CLANG_ENABLE_MODULES = YES;
				CLANG_ENABLE_OBJC_ARC = YES;
				CLANG_WARN_BOOL_CONVERSION = YES;
				CLANG_WARN_CONSTANT_CONVERSION = YES;
				CLANG_WARN_DIRECT_OBJC_ISA_USAGE = YES_ERROR;
				CLANG_WARN_EMPTY_BODY = YES;
				CLANG_WARN_ENUM_CONVERSION = YES;
				CLANG_WARN_INT_CONVERSION = YES;
				CLANG_WARN_OBJC_ROOT_CLASS = YES_ERROR;
				CLANG_WARN_UNREACHABLE_CODE = YES;
				CLANG_WARN__DUPLICATE_METHOD_MATCH = YES;
				"CODE_SIGN_IDENTITY[sdk=iphoneos*]" = "iPhone Developer";
				COPY_PHASE_STRIP = YES;
				ENABLE_NS_ASSERTIONS = NO;
				ENABLE_STRICT_OBJC_MSGSEND = YES;
				GCC_C_LANGUAGE_STANDARD = gnu99;
				GCC_WARN_64_TO_32_BIT_CONVERSION = YES;
				GCC_WARN_ABOUT_RETURN_TYPE = YES_ERROR;
				GCC_WARN_UNDECLARED_SELECTOR = YES;
				GCC_WARN_UNINITIALIZED_AUTOS = YES_AGGRESSIVE;
				GCC_WARN_UNUSED_FUNCTION = YES;
				GCC_WARN_UNUSED_VARIABLE = YES;
				IPHONEOS_DEPLOYMENT_TARGET = 8.1;
				MTL_ENABLE_DEBUG_INFO = NO;
				SDKROOT = iphoneos;
				TARGETED_DEVICE_FAMILY = "1,2";
				VALIDATE_PRODUCT = YES;
			};
			name = Release;
		};
		422687231AB722D600A4870E /* Debug */ = {
			isa = XCBuildConfiguration;
			buildSettings = {
				ASSETCATALOG_COMPILER_APPICON_NAME = AppIcon;
				INFOPLIST_FILE = phoneFighter/Info.plist;
				LD_RUNPATH_SEARCH_PATHS = "$(inherited) @executable_path/Frameworks";
				PRODUCT_NAME = "$(TARGET_NAME)";
			};
			name = Debug;
		};
		422687241AB722D600A4870E /* Release */ = {
			isa = XCBuildConfiguration;
			buildSettings = {
				ASSETCATALOG_COMPILER_APPICON_NAME = AppIcon;
				INFOPLIST_FILE = phoneFighter/Info.plist;
				LD_RUNPATH_SEARCH_PATHS = "$(inherited) @executable_path/Frameworks";
				PRODUCT_NAME = "$(TARGET_NAME)";
			};
			name = Release;
		};
		422687261AB722D600A4870E /* Debug */ = {
			isa = XCBuildConfiguration;
			buildSettings = {
				BUNDLE_LOADER = "$(TEST_HOST)";
				FRAMEWORK_SEARCH_PATHS = (
					"$(SDKROOT)/Developer/Library/Frameworks",
					"$(inherited)",
				);
				GCC_PREPROCESSOR_DEFINITIONS = (
					"DEBUG=1",
					"$(inherited)",
				);
				INFOPLIST_FILE = phoneFighterTests/Info.plist;
				LD_RUNPATH_SEARCH_PATHS = "$(inherited) @executable_path/Frameworks @loader_path/Frameworks";
				PRODUCT_NAME = "$(TARGET_NAME)";
				TEST_HOST = "$(BUILT_PRODUCTS_DIR)/phoneFighter.app/phoneFighter";
			};
			name = Debug;
		};
		422687271AB722D600A4870E /* Release */ = {
			isa = XCBuildConfiguration;
			buildSettings = {
				BUNDLE_LOADER = "$(TEST_HOST)";
				FRAMEWORK_SEARCH_PATHS = (
					"$(SDKROOT)/Developer/Library/Frameworks",
					"$(inherited)",
				);
				INFOPLIST_FILE = phoneFighterTests/Info.plist;
				LD_RUNPATH_SEARCH_PATHS = "$(inherited) @executable_path/Frameworks @loader_path/Frameworks";
				PRODUCT_NAME = "$(TARGET_NAME)";
				TEST_HOST = "$(BUILT_PRODUCTS_DIR)/phoneFighter.app/phoneFighter";
			};
			name = Release;
		};
/* End XCBuildConfiguration section */

/* Begin XCConfigurationList section */
		422686FA1AB722D600A4870E /* Build configuration list for PBXProject "phoneFighter" */ = {
			isa = XCConfigurationList;
			buildConfigurations = (
				422687201AB722D600A4870E /* Debug */,
				422687211AB722D600A4870E /* Release */,
			);
			defaultConfigurationIsVisible = 0;
			defaultConfigurationName = Release;
		};
		422687221AB722D600A4870E /* Build configuration list for PBXNativeTarget "phoneFighter" */ = {
			isa = XCConfigurationList;
			buildConfigurations = (
				422687231AB722D600A4870E /* Debug */,
				422687241AB722D600A4870E /* Release */,
			);
			defaultConfigurationIsVisible = 0;
		};
		422687251AB722D600A4870E /* Build configuration list for PBXNativeTarget "phoneFighterTests" */ = {
			isa = XCConfigurationList;
			buildConfigurations = (
				422687261AB722D600A4870E /* Debug */,
				422687271AB722D600A4870E /* Release */,
			);
			defaultConfigurationIsVisible = 0;
		};
/* End XCConfigurationList section */
	};
	rootObject = 422686F71AB722D600A4870E /* Project object */;
}
